{
  "name": "server",
  "lockfileVersion": 3,
  "requires": true,
  "packages": {
    "": {
      "dependencies": {
        "portlist-auth-server": "file:.."
      }
    },
    "..": {
      "name": "portlist-auth-server",
      "version": "1.0.0",
      "dependencies": {
        "bcryptjs": "^2.4.3",
        "cors": "^2.8.5",
        "cruise-journal-pro": "file:..",
        "d3-geo": "^3.1.0",
        "dotenv": "^16.4.5",
        "express": "^4.19.2",
        "express-rate-limit": "^7.4.0",
        "helmet": "^7.1.0",
        "jsonwebtoken": "^9.0.2",
        "mongoose": "^8.6.0",
        "morgan": "^1.10.0",
        "otplib": "^12.0.1",
        "topojson-client": "^3.1.0",
        "world-atlas": "^2.0.2"
      }
    },
    "node_modules/portlist-auth-server": {
      "resolved": "..",
      "link": true
    }
  }
}
